
Microsoft Visual Studio Solution File, Format Version 12.00
# Visual Studio Version 17
VisualStudioVersion = 17.3.32922.545
MinimumVisualStudioVersion = 10.0.40219.1
Project("{FAE04EC0-301F-11D3-BF4B-00C04F79EFBC}") = "MembrosEstáticosVersão3", "MembrosEstáticosVersão3\MembrosEstáticosVersão3.csproj", "{B27226F5-6E4D-4098-B5D6-3C992E83BAF9}"
EndProject
Global
	GlobalSection(SolutionConfigurationPlatforms) = preSolution
		Debug|Any CPU = Debug|Any CPU
		Release|Any CPU = Release|Any CPU
	EndGlobalSection
	GlobalSection(ProjectConfigurationPlatforms) = postSolution
		{B27226F5-6E4D-4098-B5D6-3C992E83BAF9}.Debug|Any CPU.ActiveCfg = Debug|Any CPU
		{B27226F5-6E4D-4098-B5D6-3C992E83BAF9}.Debug|Any CPU.Build.0 = Debug|Any CPU
		{B27226F5-6E4D-4098-B5D6-3C992E83BAF9}.Release|Any CPU.ActiveCfg = Release|Any CPU
		{B27226F5-6E4D-4098-B5D6-3C992E83BAF9}.Release|Any CPU.Build.0 = Release|Any CPU
	EndGlobalSection
	GlobalSection(SolutionProperties) = preSolution
		HideSolutionNode = FALSE
	EndGlobalSection
	GlobalSection(ExtensibilityGlobals) = postSolution
		SolutionGuid = {49BA6881-3022-44DB-8450-D2DF74E67799}
	EndGlobalSection
EndGlobal
