
Microsoft Visual Studio Solution File, Format Version 12.00
# Visual Studio Version 17
VisualStudioVersion = 17.3.32901.215
MinimumVisualStudioVersion = 10.0.40219.1
Project("{FAE04EC0-301F-11D3-BF4B-00C04F79EFBC}") = "EstruturaFor", "EstruturaFor\EstruturaFor.csproj", "{772967F3-985F-4376-A514-3FD0702B7398}"
EndProject
Global
	GlobalSection(SolutionConfigurationPlatforms) = preSolution
		Debug|Any CPU = Debug|Any CPU
		Release|Any CPU = Release|Any CPU
	EndGlobalSection
	GlobalSection(ProjectConfigurationPlatforms) = postSolution
		{772967F3-985F-4376-A514-3FD0702B7398}.Debug|Any CPU.ActiveCfg = Debug|Any CPU
		{772967F3-985F-4376-A514-3FD0702B7398}.Debug|Any CPU.Build.0 = Debug|Any CPU
		{772967F3-985F-4376-A514-3FD0702B7398}.Release|Any CPU.ActiveCfg = Release|Any CPU
		{772967F3-985F-4376-A514-3FD0702B7398}.Release|Any CPU.Build.0 = Release|Any CPU
	EndGlobalSection
	GlobalSection(SolutionProperties) = preSolution
		HideSolutionNode = FALSE
	EndGlobalSection
	GlobalSection(ExtensibilityGlobals) = postSolution
		SolutionGuid = {FB9F0257-9C39-46BD-BA8A-992FDB72E105}
	EndGlobalSection
EndGlobal
