
Microsoft Visual Studio Solution File, Format Version 12.00
# Visual Studio Version 17
VisualStudioVersion = 17.3.32901.215
MinimumVisualStudioVersion = 10.0.40219.1
Project("{FAE04EC0-301F-11D3-BF4B-00C04F79EFBC}") = "EstruturaWhile", "EstruturaWhile\EstruturaWhile.csproj", "{76CC2609-6957-4BA3-9B84-12767FA1E705}"
EndProject
Global
	GlobalSection(SolutionConfigurationPlatforms) = preSolution
		Debug|Any CPU = Debug|Any CPU
		Release|Any CPU = Release|Any CPU
	EndGlobalSection
	GlobalSection(ProjectConfigurationPlatforms) = postSolution
		{76CC2609-6957-4BA3-9B84-12767FA1E705}.Debug|Any CPU.ActiveCfg = Debug|Any CPU
		{76CC2609-6957-4BA3-9B84-12767FA1E705}.Debug|Any CPU.Build.0 = Debug|Any CPU
		{76CC2609-6957-4BA3-9B84-12767FA1E705}.Release|Any CPU.ActiveCfg = Release|Any CPU
		{76CC2609-6957-4BA3-9B84-12767FA1E705}.Release|Any CPU.Build.0 = Release|Any CPU
	EndGlobalSection
	GlobalSection(SolutionProperties) = preSolution
		HideSolutionNode = FALSE
	EndGlobalSection
	GlobalSection(ExtensibilityGlobals) = postSolution
		SolutionGuid = {400575C6-DBF7-4DD7-AECA-7C0DD12A4042}
	EndGlobalSection
EndGlobal
