
Microsoft Visual Studio Solution File, Format Version 12.00
# Visual Studio Version 17
VisualStudioVersion = 17.4.33205.214
MinimumVisualStudioVersion = 10.0.40219.1
Project("{FAE04EC0-301F-11D3-BF4B-00C04F79EFBC}") = "ConjuntosAcessos", "ConjuntosAcessos\ConjuntosAcessos.csproj", "{A956C276-0CB2-4A99-8CC9-C489758A80C8}"
EndProject
Global
	GlobalSection(SolutionConfigurationPlatforms) = preSolution
		Debug|Any CPU = Debug|Any CPU
		Release|Any CPU = Release|Any CPU
	EndGlobalSection
	GlobalSection(ProjectConfigurationPlatforms) = postSolution
		{A956C276-0CB2-4A99-8CC9-C489758A80C8}.Debug|Any CPU.ActiveCfg = Debug|Any CPU
		{A956C276-0CB2-4A99-8CC9-C489758A80C8}.Debug|Any CPU.Build.0 = Debug|Any CPU
		{A956C276-0CB2-4A99-8CC9-C489758A80C8}.Release|Any CPU.ActiveCfg = Release|Any CPU
		{A956C276-0CB2-4A99-8CC9-C489758A80C8}.Release|Any CPU.Build.0 = Release|Any CPU
	EndGlobalSection
	GlobalSection(SolutionProperties) = preSolution
		HideSolutionNode = FALSE
	EndGlobalSection
	GlobalSection(ExtensibilityGlobals) = postSolution
		SolutionGuid = {77A5B278-6FF5-4E71-9D51-05C852702FC6}
	EndGlobalSection
EndGlobal
