
Microsoft Visual Studio Solution File, Format Version 12.00
# Visual Studio Version 17
VisualStudioVersion = 17.3.32922.545
MinimumVisualStudioVersion = 10.0.40219.1
Project("{FAE04EC0-301F-11D3-BF4B-00C04F79EFBC}") = "TaxSeviceWithInterface", "TaxSeviceWithInterface\TaxSeviceWithInterface.csproj", "{8A474F21-39BC-402D-BCD4-1371A2182BFE}"
EndProject
Global
	GlobalSection(SolutionConfigurationPlatforms) = preSolution
		Debug|Any CPU = Debug|Any CPU
		Release|Any CPU = Release|Any CPU
	EndGlobalSection
	GlobalSection(ProjectConfigurationPlatforms) = postSolution
		{8A474F21-39BC-402D-BCD4-1371A2182BFE}.Debug|Any CPU.ActiveCfg = Debug|Any CPU
		{8A474F21-39BC-402D-BCD4-1371A2182BFE}.Debug|Any CPU.Build.0 = Debug|Any CPU
		{8A474F21-39BC-402D-BCD4-1371A2182BFE}.Release|Any CPU.ActiveCfg = Release|Any CPU
		{8A474F21-39BC-402D-BCD4-1371A2182BFE}.Release|Any CPU.Build.0 = Release|Any CPU
	EndGlobalSection
	GlobalSection(SolutionProperties) = preSolution
		HideSolutionNode = FALSE
	EndGlobalSection
	GlobalSection(ExtensibilityGlobals) = postSolution
		SolutionGuid = {F3FD270F-23BB-4AC7-9186-95CB7BF4E38B}
	EndGlobalSection
EndGlobal
