
Microsoft Visual Studio Solution File, Format Version 12.00
# Visual Studio Version 17
VisualStudioVersion = 17.3.32922.545
MinimumVisualStudioVersion = 10.0.40219.1
Project("{FAE04EC0-301F-11D3-BF4B-00C04F79EFBC}") = "POO-VetoresAluguel", "POO-VetoresAluguel\POO-VetoresAluguel.csproj", "{2D735ED0-1D28-45DB-977E-71473115F54D}"
EndProject
Global
	GlobalSection(SolutionConfigurationPlatforms) = preSolution
		Debug|Any CPU = Debug|Any CPU
		Release|Any CPU = Release|Any CPU
	EndGlobalSection
	GlobalSection(ProjectConfigurationPlatforms) = postSolution
		{2D735ED0-1D28-45DB-977E-71473115F54D}.Debug|Any CPU.ActiveCfg = Debug|Any CPU
		{2D735ED0-1D28-45DB-977E-71473115F54D}.Debug|Any CPU.Build.0 = Debug|Any CPU
		{2D735ED0-1D28-45DB-977E-71473115F54D}.Release|Any CPU.ActiveCfg = Release|Any CPU
		{2D735ED0-1D28-45DB-977E-71473115F54D}.Release|Any CPU.Build.0 = Release|Any CPU
	EndGlobalSection
	GlobalSection(SolutionProperties) = preSolution
		HideSolutionNode = FALSE
	EndGlobalSection
	GlobalSection(ExtensibilityGlobals) = postSolution
		SolutionGuid = {4CD540DD-2526-4022-92D7-425E56B02135}
	EndGlobalSection
EndGlobal
