
Microsoft Visual Studio Solution File, Format Version 12.00
# Visual Studio Version 17
VisualStudioVersion = 17.4.33205.214
MinimumVisualStudioVersion = 10.0.40219.1
Project("{FAE04EC0-301F-11D3-BF4B-00C04F79EFBC}") = "ComparisonT", "ComparisonT\ComparisonT.csproj", "{B02D8F10-5968-4A88-99E8-A2EB28E64EB5}"
EndProject
Global
	GlobalSection(SolutionConfigurationPlatforms) = preSolution
		Debug|Any CPU = Debug|Any CPU
		Release|Any CPU = Release|Any CPU
	EndGlobalSection
	GlobalSection(ProjectConfigurationPlatforms) = postSolution
		{B02D8F10-5968-4A88-99E8-A2EB28E64EB5}.Debug|Any CPU.ActiveCfg = Debug|Any CPU
		{B02D8F10-5968-4A88-99E8-A2EB28E64EB5}.Debug|Any CPU.Build.0 = Debug|Any CPU
		{B02D8F10-5968-4A88-99E8-A2EB28E64EB5}.Release|Any CPU.ActiveCfg = Release|Any CPU
		{B02D8F10-5968-4A88-99E8-A2EB28E64EB5}.Release|Any CPU.Build.0 = Release|Any CPU
	EndGlobalSection
	GlobalSection(SolutionProperties) = preSolution
		HideSolutionNode = FALSE
	EndGlobalSection
	GlobalSection(ExtensibilityGlobals) = postSolution
		SolutionGuid = {DB8C46AB-E051-4F7D-9113-730905138A07}
	EndGlobalSection
EndGlobal
