
Microsoft Visual Studio Solution File, Format Version 12.00
# Visual Studio Version 17
VisualStudioVersion = 17.3.32922.545
MinimumVisualStudioVersion = 10.0.40219.1
Project("{FAE04EC0-301F-11D3-BF4B-00C04F79EFBC}") = "POO-Matrizes", "POO-Matrizes\POO-Matrizes.csproj", "{7BCAEEAD-C7E4-457E-9A71-2294532A2793}"
EndProject
Global
	GlobalSection(SolutionConfigurationPlatforms) = preSolution
		Debug|Any CPU = Debug|Any CPU
		Release|Any CPU = Release|Any CPU
	EndGlobalSection
	GlobalSection(ProjectConfigurationPlatforms) = postSolution
		{7BCAEEAD-C7E4-457E-9A71-2294532A2793}.Debug|Any CPU.ActiveCfg = Debug|Any CPU
		{7BCAEEAD-C7E4-457E-9A71-2294532A2793}.Debug|Any CPU.Build.0 = Debug|Any CPU
		{7BCAEEAD-C7E4-457E-9A71-2294532A2793}.Release|Any CPU.ActiveCfg = Release|Any CPU
		{7BCAEEAD-C7E4-457E-9A71-2294532A2793}.Release|Any CPU.Build.0 = Release|Any CPU
	EndGlobalSection
	GlobalSection(SolutionProperties) = preSolution
		HideSolutionNode = FALSE
	EndGlobalSection
	GlobalSection(ExtensibilityGlobals) = postSolution
		SolutionGuid = {032FAFC9-1B86-4108-9EAD-CFAA501BE0F3}
	EndGlobalSection
EndGlobal
