
Microsoft Visual Studio Solution File, Format Version 12.00
# Visual Studio Version 17
VisualStudioVersion = 17.4.33205.214
MinimumVisualStudioVersion = 10.0.40219.1
Project("{FAE04EC0-301F-11D3-BF4B-00C04F79EFBC}") = "GenericMaxRestritions", "GenericMaxRestritions\GenericMaxRestritions.csproj", "{994C6D1C-3471-4046-81B7-33EFBE8D12DB}"
EndProject
Global
	GlobalSection(SolutionConfigurationPlatforms) = preSolution
		Debug|Any CPU = Debug|Any CPU
		Release|Any CPU = Release|Any CPU
	EndGlobalSection
	GlobalSection(ProjectConfigurationPlatforms) = postSolution
		{994C6D1C-3471-4046-81B7-33EFBE8D12DB}.Debug|Any CPU.ActiveCfg = Debug|Any CPU
		{994C6D1C-3471-4046-81B7-33EFBE8D12DB}.Debug|Any CPU.Build.0 = Debug|Any CPU
		{994C6D1C-3471-4046-81B7-33EFBE8D12DB}.Release|Any CPU.ActiveCfg = Release|Any CPU
		{994C6D1C-3471-4046-81B7-33EFBE8D12DB}.Release|Any CPU.Build.0 = Release|Any CPU
	EndGlobalSection
	GlobalSection(SolutionProperties) = preSolution
		HideSolutionNode = FALSE
	EndGlobalSection
	GlobalSection(ExtensibilityGlobals) = postSolution
		SolutionGuid = {75C20D85-D104-485E-9567-593CDFD09065}
	EndGlobalSection
EndGlobal
