
Microsoft Visual Studio Solution File, Format Version 12.00
# Visual Studio Version 17
VisualStudioVersion = 17.3.32922.545
MinimumVisualStudioVersion = 10.0.40219.1
Project("{FAE04EC0-301F-11D3-BF4B-00C04F79EFBC}") = "Properties", "Properties\Properties.csproj", "{7BB2CE2C-907A-4ED2-9452-BFD754F98485}"
EndProject
Global
	GlobalSection(SolutionConfigurationPlatforms) = preSolution
		Debug|Any CPU = Debug|Any CPU
		Release|Any CPU = Release|Any CPU
	EndGlobalSection
	GlobalSection(ProjectConfigurationPlatforms) = postSolution
		{7BB2CE2C-907A-4ED2-9452-BFD754F98485}.Debug|Any CPU.ActiveCfg = Debug|Any CPU
		{7BB2CE2C-907A-4ED2-9452-BFD754F98485}.Debug|Any CPU.Build.0 = Debug|Any CPU
		{7BB2CE2C-907A-4ED2-9452-BFD754F98485}.Release|Any CPU.ActiveCfg = Release|Any CPU
		{7BB2CE2C-907A-4ED2-9452-BFD754F98485}.Release|Any CPU.Build.0 = Release|Any CPU
	EndGlobalSection
	GlobalSection(SolutionProperties) = preSolution
		HideSolutionNode = FALSE
	EndGlobalSection
	GlobalSection(ExtensibilityGlobals) = postSolution
		SolutionGuid = {BA85E99E-6214-4C02-8EC2-81C421F6D461}
	EndGlobalSection
EndGlobal
