
Microsoft Visual Studio Solution File, Format Version 12.00
# Visual Studio Version 17
VisualStudioVersion = 17.4.33205.214
MinimumVisualStudioVersion = 10.0.40219.1
Project("{FAE04EC0-301F-11D3-BF4B-00C04F79EFBC}") = "PredicateRemoveAll", "PredicateRemoveAll\PredicateRemoveAll.csproj", "{F678BF84-903F-453E-B0E0-363118D7940C}"
EndProject
Global
	GlobalSection(SolutionConfigurationPlatforms) = preSolution
		Debug|Any CPU = Debug|Any CPU
		Release|Any CPU = Release|Any CPU
	EndGlobalSection
	GlobalSection(ProjectConfigurationPlatforms) = postSolution
		{F678BF84-903F-453E-B0E0-363118D7940C}.Debug|Any CPU.ActiveCfg = Debug|Any CPU
		{F678BF84-903F-453E-B0E0-363118D7940C}.Debug|Any CPU.Build.0 = Debug|Any CPU
		{F678BF84-903F-453E-B0E0-363118D7940C}.Release|Any CPU.ActiveCfg = Release|Any CPU
		{F678BF84-903F-453E-B0E0-363118D7940C}.Release|Any CPU.Build.0 = Release|Any CPU
	EndGlobalSection
	GlobalSection(SolutionProperties) = preSolution
		HideSolutionNode = FALSE
	EndGlobalSection
	GlobalSection(ExtensibilityGlobals) = postSolution
		SolutionGuid = {61EB38CC-91BE-4D38-A33A-3DE09EAD5D6D}
	EndGlobalSection
EndGlobal
