
Microsoft Visual Studio Solution File, Format Version 12.00
# Visual Studio Version 17
VisualStudioVersion = 17.3.32922.545
MinimumVisualStudioVersion = 10.0.40219.1
Project("{FAE04EC0-301F-11D3-BF4B-00C04F79EFBC}") = "POO-CotaçãoEmDolar", "POO-CotaçãoEmDolar\POO-CotaçãoEmDolar.csproj", "{C2328C10-7B46-4055-93A4-1F1D44314C4E}"
EndProject
Global
	GlobalSection(SolutionConfigurationPlatforms) = preSolution
		Debug|Any CPU = Debug|Any CPU
		Release|Any CPU = Release|Any CPU
	EndGlobalSection
	GlobalSection(ProjectConfigurationPlatforms) = postSolution
		{C2328C10-7B46-4055-93A4-1F1D44314C4E}.Debug|Any CPU.ActiveCfg = Debug|Any CPU
		{C2328C10-7B46-4055-93A4-1F1D44314C4E}.Debug|Any CPU.Build.0 = Debug|Any CPU
		{C2328C10-7B46-4055-93A4-1F1D44314C4E}.Release|Any CPU.ActiveCfg = Release|Any CPU
		{C2328C10-7B46-4055-93A4-1F1D44314C4E}.Release|Any CPU.Build.0 = Release|Any CPU
	EndGlobalSection
	GlobalSection(SolutionProperties) = preSolution
		HideSolutionNode = FALSE
	EndGlobalSection
	GlobalSection(ExtensibilityGlobals) = postSolution
		SolutionGuid = {6E4BB1E2-4AA7-408C-B8FB-F5D1DFECCF73}
	EndGlobalSection
EndGlobal
