
Microsoft Visual Studio Solution File, Format Version 12.00
# Visual Studio Version 17
VisualStudioVersion = 17.3.32922.545
MinimumVisualStudioVersion = 10.0.40219.1
Project("{FAE04EC0-301F-11D3-BF4B-00C04F79EFBC}") = "Herança", "Herança\Herança.csproj", "{F20942A3-B2D8-44D9-9D4E-012BE3CC0A31}"
EndProject
Global
	GlobalSection(SolutionConfigurationPlatforms) = preSolution
		Debug|Any CPU = Debug|Any CPU
		Release|Any CPU = Release|Any CPU
	EndGlobalSection
	GlobalSection(ProjectConfigurationPlatforms) = postSolution
		{F20942A3-B2D8-44D9-9D4E-012BE3CC0A31}.Debug|Any CPU.ActiveCfg = Debug|Any CPU
		{F20942A3-B2D8-44D9-9D4E-012BE3CC0A31}.Debug|Any CPU.Build.0 = Debug|Any CPU
		{F20942A3-B2D8-44D9-9D4E-012BE3CC0A31}.Release|Any CPU.ActiveCfg = Release|Any CPU
		{F20942A3-B2D8-44D9-9D4E-012BE3CC0A31}.Release|Any CPU.Build.0 = Release|Any CPU
	EndGlobalSection
	GlobalSection(SolutionProperties) = preSolution
		HideSolutionNode = FALSE
	EndGlobalSection
	GlobalSection(ExtensibilityGlobals) = postSolution
		SolutionGuid = {9AD62E8D-8BD1-4D69-ADBD-A0DDB216500C}
	EndGlobalSection
EndGlobal
