
Microsoft Visual Studio Solution File, Format Version 12.00
# Visual Studio Version 17
VisualStudioVersion = 17.3.32922.545
MinimumVisualStudioVersion = 10.0.40219.1
Project("{FAE04EC0-301F-11D3-BF4B-00C04F79EFBC}") = "EncapsulamentoManual", "EncapsulamentoManual\EncapsulamentoManual.csproj", "{B0B1C3A4-A6CE-4C68-9968-25E68509BC96}"
EndProject
Global
	GlobalSection(SolutionConfigurationPlatforms) = preSolution
		Debug|Any CPU = Debug|Any CPU
		Release|Any CPU = Release|Any CPU
	EndGlobalSection
	GlobalSection(ProjectConfigurationPlatforms) = postSolution
		{B0B1C3A4-A6CE-4C68-9968-25E68509BC96}.Debug|Any CPU.ActiveCfg = Debug|Any CPU
		{B0B1C3A4-A6CE-4C68-9968-25E68509BC96}.Debug|Any CPU.Build.0 = Debug|Any CPU
		{B0B1C3A4-A6CE-4C68-9968-25E68509BC96}.Release|Any CPU.ActiveCfg = Release|Any CPU
		{B0B1C3A4-A6CE-4C68-9968-25E68509BC96}.Release|Any CPU.Build.0 = Release|Any CPU
	EndGlobalSection
	GlobalSection(SolutionProperties) = preSolution
		HideSolutionNode = FALSE
	EndGlobalSection
	GlobalSection(ExtensibilityGlobals) = postSolution
		SolutionGuid = {428F5578-00AD-4095-B9FB-1970E64BEB0C}
	EndGlobalSection
EndGlobal
