
Microsoft Visual Studio Solution File, Format Version 12.00
# Visual Studio Version 17
VisualStudioVersion = 17.3.32922.545
MinimumVisualStudioVersion = 10.0.40219.1
Project("{FAE04EC0-301F-11D3-BF4B-00C04F79EFBC}") = "FIleStreamAndStreamReader", "FIleStreamAndStreamReader\FIleStreamAndStreamReader.csproj", "{749C8C12-28C0-4B33-8709-AC7BF51C86CE}"
EndProject
Global
	GlobalSection(SolutionConfigurationPlatforms) = preSolution
		Debug|Any CPU = Debug|Any CPU
		Release|Any CPU = Release|Any CPU
	EndGlobalSection
	GlobalSection(ProjectConfigurationPlatforms) = postSolution
		{749C8C12-28C0-4B33-8709-AC7BF51C86CE}.Debug|Any CPU.ActiveCfg = Debug|Any CPU
		{749C8C12-28C0-4B33-8709-AC7BF51C86CE}.Debug|Any CPU.Build.0 = Debug|Any CPU
		{749C8C12-28C0-4B33-8709-AC7BF51C86CE}.Release|Any CPU.ActiveCfg = Release|Any CPU
		{749C8C12-28C0-4B33-8709-AC7BF51C86CE}.Release|Any CPU.Build.0 = Release|Any CPU
	EndGlobalSection
	GlobalSection(SolutionProperties) = preSolution
		HideSolutionNode = FALSE
	EndGlobalSection
	GlobalSection(ExtensibilityGlobals) = postSolution
		SolutionGuid = {459331F9-EADD-45D4-B82F-FE246EBB5444}
	EndGlobalSection
EndGlobal
