
Microsoft Visual Studio Solution File, Format Version 12.00
# Visual Studio Version 17
VisualStudioVersion = 17.3.32922.545
MinimumVisualStudioVersion = 10.0.40219.1
Project("{FAE04EC0-301F-11D3-BF4B-00C04F79EFBC}") = "PropertiesAutoImplementadas", "PropertiesAutoImplementadas\PropertiesAutoImplementadas.csproj", "{C92DF1C5-06EA-4885-B15E-A4C51A08FDC7}"
EndProject
Global
	GlobalSection(SolutionConfigurationPlatforms) = preSolution
		Debug|Any CPU = Debug|Any CPU
		Release|Any CPU = Release|Any CPU
	EndGlobalSection
	GlobalSection(ProjectConfigurationPlatforms) = postSolution
		{C92DF1C5-06EA-4885-B15E-A4C51A08FDC7}.Debug|Any CPU.ActiveCfg = Debug|Any CPU
		{C92DF1C5-06EA-4885-B15E-A4C51A08FDC7}.Debug|Any CPU.Build.0 = Debug|Any CPU
		{C92DF1C5-06EA-4885-B15E-A4C51A08FDC7}.Release|Any CPU.ActiveCfg = Release|Any CPU
		{C92DF1C5-06EA-4885-B15E-A4C51A08FDC7}.Release|Any CPU.Build.0 = Release|Any CPU
	EndGlobalSection
	GlobalSection(SolutionProperties) = preSolution
		HideSolutionNode = FALSE
	EndGlobalSection
	GlobalSection(ExtensibilityGlobals) = postSolution
		SolutionGuid = {58D7F33C-8CCA-42F3-9FA8-9B2E5E973C37}
	EndGlobalSection
EndGlobal
