
Microsoft Visual Studio Solution File, Format Version 12.00
# Visual Studio Version 17
VisualStudioVersion = 17.3.32922.545
MinimumVisualStudioVersion = 10.0.40219.1
Project("{FAE04EC0-301F-11D3-BF4B-00C04F79EFBC}") = "Matriz", "Matriz\Matriz.csproj", "{326667E4-F38D-42C5-883C-9D3998B1A630}"
EndProject
Global
	GlobalSection(SolutionConfigurationPlatforms) = preSolution
		Debug|Any CPU = Debug|Any CPU
		Release|Any CPU = Release|Any CPU
	EndGlobalSection
	GlobalSection(ProjectConfigurationPlatforms) = postSolution
		{326667E4-F38D-42C5-883C-9D3998B1A630}.Debug|Any CPU.ActiveCfg = Debug|Any CPU
		{326667E4-F38D-42C5-883C-9D3998B1A630}.Debug|Any CPU.Build.0 = Debug|Any CPU
		{326667E4-F38D-42C5-883C-9D3998B1A630}.Release|Any CPU.ActiveCfg = Release|Any CPU
		{326667E4-F38D-42C5-883C-9D3998B1A630}.Release|Any CPU.Build.0 = Release|Any CPU
	EndGlobalSection
	GlobalSection(SolutionProperties) = preSolution
		HideSolutionNode = FALSE
	EndGlobalSection
	GlobalSection(ExtensibilityGlobals) = postSolution
		SolutionGuid = {CF954664-146D-49FC-A3B4-60F837E5F1E2}
	EndGlobalSection
EndGlobal
