
Microsoft Visual Studio Solution File, Format Version 12.00
# Visual Studio Version 17
VisualStudioVersion = 17.3.32901.215
MinimumVisualStudioVersion = 10.0.40219.1
Project("{FAE04EC0-301F-11D3-BF4B-00C04F79EFBC}") = "POO-CalculoÁreaTriângulo2", "POO-CalculoÁreaTriângulo2\POO-CalculoÁreaTriângulo2.csproj", "{95E50EF6-DD53-4AE2-B6C6-1FE27B557AB3}"
EndProject
Global
	GlobalSection(SolutionConfigurationPlatforms) = preSolution
		Debug|Any CPU = Debug|Any CPU
		Release|Any CPU = Release|Any CPU
	EndGlobalSection
	GlobalSection(ProjectConfigurationPlatforms) = postSolution
		{95E50EF6-DD53-4AE2-B6C6-1FE27B557AB3}.Debug|Any CPU.ActiveCfg = Debug|Any CPU
		{95E50EF6-DD53-4AE2-B6C6-1FE27B557AB3}.Debug|Any CPU.Build.0 = Debug|Any CPU
		{95E50EF6-DD53-4AE2-B6C6-1FE27B557AB3}.Release|Any CPU.ActiveCfg = Release|Any CPU
		{95E50EF6-DD53-4AE2-B6C6-1FE27B557AB3}.Release|Any CPU.Build.0 = Release|Any CPU
	EndGlobalSection
	GlobalSection(SolutionProperties) = preSolution
		HideSolutionNode = FALSE
	EndGlobalSection
	GlobalSection(ExtensibilityGlobals) = postSolution
		SolutionGuid = {05623DDE-4F98-4345-9C14-E316D680AD35}
	EndGlobalSection
EndGlobal
